// !$*UTF8*$!
{
	archiveVersion = 1;
	classes = {
	};
	objectVersion = 77;
	objects = {

/* Begin PBXBuildFile section */
		A73087EF2D59DC8500DF977D /* Assets.xcassets in Resources */ = {isa = PBXBuildFile; fileRef = A73087E82D59DC8500DF977D /* Assets.xcassets */; };
		A73087F12D59DC8500DF977D /* LaunchScreen.storyboard in Resources */ = {isa = PBXBuildFile; fileRef = A73087EB2D59DC8500DF977D /* LaunchScreen.storyboard */; };
		A73087F22D59DC8500DF977D /* AppDelegate.swift in Sources */ = {isa = PBXBuildFile; fileRef = A73087E72D59DC8500DF977D /* AppDelegate.swift */; };
		A73087F32D59DC8500DF977D /* SceneDelegate.swift in Sources */ = {isa = PBXBuildFile; fileRef = A73087EC2D59DC8500DF977D /* SceneDelegate.swift */; };
		A73087F42D59DC8500DF977D /* MainViewController.swift in Sources */ = {isa = PBXBuildFile; fileRef = A73087ED2D59DC8500DF977D /* MainViewController.swift */; };
		A756ABF62D5AC30B008D8FFB /* SettingsManager.swift in Sources */ = {isa = PBXBuildFile; fileRef = A756ABF52D5AC30B008D8FFB /* SettingsManager.swift */; };
		A756ABFA2D5B2F21008D8FFB /* CategoryScreenViewController.swift in Sources */ = {isa = PBXBuildFile; fileRef = A756ABF92D5B2F00008D8FFB /* CategoryScreenViewController.swift */; };
		A756ABFC2D5B2FF0008D8FFB /* CategoryScreenPresenter.swift in Sources */ = {isa = PBXBuildFile; fileRef = A756ABFB2D5B2FF0008D8FFB /* CategoryScreenPresenter.swift */; };
		D17EEAF62D5C180C002CC9A8 /* GameViewController.swift in Sources */ = {isa = PBXBuildFile; fileRef = D17EEAF52D5C180C002CC9A8 /* GameViewController.swift */; };
		D17EEAFA2D5C1855002CC9A8 /* GameView.swift in Sources */ = {isa = PBXBuildFile; fileRef = D17EEAF92D5C1855002CC9A8 /* GameView.swift */; };
		D17EEAFC2D5C24F6002CC9A8 /* QuestionsData.swift in Sources */ = {isa = PBXBuildFile; fileRef = D17EEAFB2D5C24F6002CC9A8 /* QuestionsData.swift */; };
		D17EEAFE2D5C3469002CC9A8 /* GameManager.swift in Sources */ = {isa = PBXBuildFile; fileRef = D17EEAFD2D5C3469002CC9A8 /* GameManager.swift */; };
/* End PBXBuildFile section */

/* Begin PBXFileReference section */
		A73087E72D59DC8500DF977D /* AppDelegate.swift */ = {isa = PBXFileReference; lastKnownFileType = sourcecode.swift; path = AppDelegate.swift; sourceTree = "<group>"; };
		A73087E82D59DC8500DF977D /* Assets.xcassets */ = {isa = PBXFileReference; lastKnownFileType = folder.assetcatalog; path = Assets.xcassets; sourceTree = "<group>"; };
		A73087E92D59DC8500DF977D /* Info.plist */ = {isa = PBXFileReference; lastKnownFileType = text.plist.xml; path = Info.plist; sourceTree = "<group>"; };
		A73087EA2D59DC8500DF977D /* Base */ = {isa = PBXFileReference; lastKnownFileType = file.storyboard; name = Base; path = Base.lproj/LaunchScreen.storyboard; sourceTree = "<group>"; };
		A73087EC2D59DC8500DF977D /* SceneDelegate.swift */ = {isa = PBXFileReference; lastKnownFileType = sourcecode.swift; path = SceneDelegate.swift; sourceTree = "<group>"; };
		A73087ED2D59DC8500DF977D /* MainViewController.swift */ = {isa = PBXFileReference; lastKnownFileType = sourcecode.swift; path = MainViewController.swift; sourceTree = "<group>"; };
		A756ABF52D5AC30B008D8FFB /* SettingsManager.swift */ = {isa = PBXFileReference; lastKnownFileType = sourcecode.swift; path = SettingsManager.swift; sourceTree = "<group>"; };
		A756ABF92D5B2F00008D8FFB /* CategoryScreenViewController.swift */ = {isa = PBXFileReference; lastKnownFileType = sourcecode.swift; path = CategoryScreenViewController.swift; sourceTree = "<group>"; };
		A756ABFB2D5B2FF0008D8FFB /* CategoryScreenPresenter.swift */ = {isa = PBXFileReference; lastKnownFileType = sourcecode.swift; path = CategoryScreenPresenter.swift; sourceTree = "<group>"; };
		A785984E2D59D4F2008F9E89 /* JDAM.app */ = {isa = PBXFileReference; explicitFileType = wrapper.application; includeInIndex = 0; path = JDAM.app; sourceTree = BUILT_PRODUCTS_DIR; };
		D17EEAF52D5C180C002CC9A8 /* GameViewController.swift */ = {isa = PBXFileReference; lastKnownFileType = sourcecode.swift; path = GameViewController.swift; sourceTree = "<group>"; };
		D17EEAF92D5C1855002CC9A8 /* GameView.swift */ = {isa = PBXFileReference; lastKnownFileType = sourcecode.swift; path = GameView.swift; sourceTree = "<group>"; };
		D17EEAFB2D5C24F6002CC9A8 /* QuestionsData.swift */ = {isa = PBXFileReference; lastKnownFileType = sourcecode.swift; path = QuestionsData.swift; sourceTree = "<group>"; };
		D17EEAFD2D5C3469002CC9A8 /* GameManager.swift */ = {isa = PBXFileReference; lastKnownFileType = sourcecode.swift; path = GameManager.swift; sourceTree = "<group>"; };
/* End PBXFileReference section */

/* Begin PBXFrameworksBuildPhase section */
		A785984B2D59D4F2008F9E89 /* Frameworks */ = {
			isa = PBXFrameworksBuildPhase;
			buildActionMask = 2147483647;
			files = (
			);
			runOnlyForDeploymentPostprocessing = 0;
		};
/* End PBXFrameworksBuildPhase section */

/* Begin PBXGroup section */
		A73087EE2D59DC8500DF977D /* JDAM */ = {
			isa = PBXGroup;
			children = (
				A73087F52D59DE9B00DF977D /* MainFiles */,
				A73087F62D59DECD00DF977D /* Screens */,
			);
			path = JDAM;
			sourceTree = "<group>";
		};
		A73087F52D59DE9B00DF977D /* MainFiles */ = {
			isa = PBXGroup;
			children = (
				A73087E72D59DC8500DF977D /* AppDelegate.swift */,
				A73087EC2D59DC8500DF977D /* SceneDelegate.swift */,
				A73087E92D59DC8500DF977D /* Info.plist */,
				A73087EB2D59DC8500DF977D /* LaunchScreen.storyboard */,
				A73087E82D59DC8500DF977D /* Assets.xcassets */,
				A756ABF52D5AC30B008D8FFB /* SettingsManager.swift */,
			);
			path = MainFiles;
			sourceTree = "<group>";
		};
		A73087F62D59DECD00DF977D /* Screens */ = {
			isa = PBXGroup;
			children = (

				A756ABF82D5B2EC3008D8FFB /* CategoryScreen */,

				D17EEAF42D5C179B002CC9A8 /* GameScreen */,

				A73087F72D59DEDD00DF977D /* MainScreen */,
			);
			path = Screens;
			sourceTree = "<group>";
		};
		A73087F72D59DEDD00DF977D /* MainScreen */ = {
			isa = PBXGroup;
			children = (
				A73087ED2D59DC8500DF977D /* MainViewController.swift */,
			);
			path = MainScreen;
			sourceTree = "<group>";
		};
		A756ABF82D5B2EC3008D8FFB /* CategoryScreen */ = {
			isa = PBXGroup;
			children = (
				A756ABF92D5B2F00008D8FFB /* CategoryScreenViewController.swift */,
				A756ABFB2D5B2FF0008D8FFB /* CategoryScreenPresenter.swift */,
			);
			path = CategoryScreen;
			sourceTree = "<group>";
		};
		A78598452D59D4F2008F9E89 = {
			isa = PBXGroup;
			children = (
				A73087EE2D59DC8500DF977D /* JDAM */,
				A785984F2D59D4F2008F9E89 /* Products */,
			);
			sourceTree = "<group>";
		};
		A785984F2D59D4F2008F9E89 /* Products */ = {
			isa = PBXGroup;
			children = (
				A785984E2D59D4F2008F9E89 /* JDAM.app */,
			);
			name = Products;
			sourceTree = "<group>";
		};
		D17EEAF42D5C179B002CC9A8 /* GameScreen */ = {
			isa = PBXGroup;
			children = (
				D17EEAF52D5C180C002CC9A8 /* GameViewController.swift */,
				D17EEAF92D5C1855002CC9A8 /* GameView.swift */,
				D17EEAFB2D5C24F6002CC9A8 /* QuestionsData.swift */,
				D17EEAFD2D5C3469002CC9A8 /* GameManager.swift */,
			);
			path = GameScreen;
			sourceTree = "<group>";
		};
/* End PBXGroup section */

/* Begin PBXNativeTarget section */
		A785984D2D59D4F2008F9E89 /* JDAM */ = {
			isa = PBXNativeTarget;
			buildConfigurationList = A78598612D59D4F3008F9E89 /* Build configuration list for PBXNativeTarget "JDAM" */;
			buildPhases = (
				A785984A2D59D4F2008F9E89 /* Sources */,
				A785984B2D59D4F2008F9E89 /* Frameworks */,
				A785984C2D59D4F2008F9E89 /* Resources */,
			);
			buildRules = (
			);
			dependencies = (
			);
			name = JDAM;
			packageProductDependencies = (
			);
			productName = JDAM;
			productReference = A785984E2D59D4F2008F9E89 /* JDAM.app */;
			productType = "com.apple.product-type.application";
		};
/* End PBXNativeTarget section */

/* Begin PBXProject section */
		A78598462D59D4F2008F9E89 /* Project object */ = {
			isa = PBXProject;
			attributes = {
				BuildIndependentTargetsInParallel = 1;
				LastSwiftUpdateCheck = 1600;
				LastUpgradeCheck = 1600;
				TargetAttributes = {
					A785984D2D59D4F2008F9E89 = {
						CreatedOnToolsVersion = 16.0;
					};
				};
			};
			buildConfigurationList = A78598492D59D4F2008F9E89 /* Build configuration list for PBXProject "JDAM" */;
			developmentRegion = en;
			hasScannedForEncodings = 0;
			knownRegions = (
				en,
				Base,
			);
			mainGroup = A78598452D59D4F2008F9E89;
			minimizedProjectReferenceProxies = 1;
			preferredProjectObjectVersion = 77;
			productRefGroup = A785984F2D59D4F2008F9E89 /* Products */;
			projectDirPath = "";
			projectRoot = "";
			targets = (
				A785984D2D59D4F2008F9E89 /* JDAM */,
			);
		};
/* End PBXProject section */

/* Begin PBXResourcesBuildPhase section */
		A785984C2D59D4F2008F9E89 /* Resources */ = {
			isa = PBXResourcesBuildPhase;
			buildActionMask = 2147483647;
			files = (
				A73087EF2D59DC8500DF977D /* Assets.xcassets in Resources */,
				A73087F12D59DC8500DF977D /* LaunchScreen.storyboard in Resources */,
			);
			runOnlyForDeploymentPostprocessing = 0;
		};
/* End PBXResourcesBuildPhase section */

/* Begin PBXSourcesBuildPhase section */
		A785984A2D59D4F2008F9E89 /* Sources */ = {
			isa = PBXSourcesBuildPhase;
			buildActionMask = 2147483647;
			files = (

				A756ABFC2D5B2FF0008D8FFB /* CategoryScreenPresenter.swift in Sources */,
				A756ABFA2D5B2F21008D8FFB /* CategoryScreenViewController.swift in Sources */,
				D17EEAF62D5C180C002CC9A8 /* GameViewController.swift in Sources */,
				D17EEAFE2D5C3469002CC9A8 /* GameManager.swift in Sources */,
				A756ABF62D5AC30B008D8FFB /* SettingsManager.swift in Sources */,
				D17EEAFC2D5C24F6002CC9A8 /* QuestionsData.swift in Sources */,
				A73087F22D59DC8500DF977D /* AppDelegate.swift in Sources */,
				A73087F32D59DC8500DF977D /* SceneDelegate.swift in Sources */,
				D17EEAFA2D5C1855002CC9A8 /* GameView.swift in Sources */,
				A73087F42D59DC8500DF977D /* MainViewController.swift in Sources */,
			);
			runOnlyForDeploymentPostprocessing = 0;
		};
/* End PBXSourcesBuildPhase section */

/* Begin PBXVariantGroup section */
		A73087EB2D59DC8500DF977D /* LaunchScreen.storyboard */ = {
			isa = PBXVariantGroup;
			children = (
				A73087EA2D59DC8500DF977D /* Base */,
			);
			name = LaunchScreen.storyboard;
			sourceTree = "<group>";
		};
/* End PBXVariantGroup section */

/* Begin XCBuildConfiguration section */
		A78598622D59D4F3008F9E89 /* Debug */ = {
			isa = XCBuildConfiguration;
			buildSettings = {
				ASSETCATALOG_COMPILER_APPICON_NAME = AppIcon;
				ASSETCATALOG_COMPILER_GLOBAL_ACCENT_COLOR_NAME = AccentColor;
				CODE_SIGN_STYLE = Automatic;
				CURRENT_PROJECT_VERSION = 1;
				GENERATE_INFOPLIST_FILE = YES;
				INFOPLIST_FILE = JDAM/MainFiles/Info.plist;
				INFOPLIST_KEY_UIApplicationSupportsIndirectInputEvents = YES;
				INFOPLIST_KEY_UILaunchStoryboardName = LaunchScreen;
				INFOPLIST_KEY_UISupportedInterfaceOrientations_iPad = "UIInterfaceOrientationPortrait UIInterfaceOrientationPortraitUpsideDown UIInterfaceOrientationLandscapeLeft UIInterfaceOrientationLandscapeRight";
				INFOPLIST_KEY_UISupportedInterfaceOrientations_iPhone = "UIInterfaceOrientationPortrait UIInterfaceOrientationLandscapeLeft UIInterfaceOrientationLandscapeRight";
				LD_RUNPATH_SEARCH_PATHS = (
					"$(inherited)",
					"@executable_path/Frameworks",
				);
				MARKETING_VERSION = 1.0;
				PRODUCT_BUNDLE_IDENTIFIER = com.solovey.JDAM;
				PRODUCT_NAME = "$(TARGET_NAME)";
				SWIFT_EMIT_LOC_STRINGS = YES;
				SWIFT_VERSION = 5.0;
				TARGETED_DEVICE_FAMILY = "1,2";
			};
			name = Debug;
		};
		A78598632D59D4F3008F9E89 /* Release */ = {
			isa = XCBuildConfiguration;
			buildSettings = {
				ASSETCATALOG_COMPILER_APPICON_NAME = AppIcon;
				ASSETCATALOG_COMPILER_GLOBAL_ACCENT_COLOR_NAME = AccentColor;
				CODE_SIGN_STYLE = Automatic;
				CURRENT_PROJECT_VERSION = 1;
				GENERATE_INFOPLIST_FILE = YES;
				INFOPLIST_FILE = JDAM/MainFiles/Info.plist;
				INFOPLIST_KEY_UIApplicationSupportsIndirectInputEvents = YES;
				INFOPLIST_KEY_UILaunchStoryboardName = LaunchScreen;
				INFOPLIST_KEY_UISupportedInterfaceOrientations_iPad = "UIInterfaceOrientationPortrait UIInterfaceOrientationPortraitUpsideDown UIInterfaceOrientationLandscapeLeft UIInterfaceOrientationLandscapeRight";
				INFOPLIST_KEY_UISupportedInterfaceOrientations_iPhone = "UIInterfaceOrientationPortrait UIInterfaceOrientationLandscapeLeft UIInterfaceOrientationLandscapeRight";
				LD_RUNPATH_SEARCH_PATHS = (
					"$(inherited)",
					"@executable_path/Frameworks",
				);
				MARKETING_VERSION = 1.0;
				PRODUCT_BUNDLE_IDENTIFIER = com.solovey.JDAM;
				PRODUCT_NAME = "$(TARGET_NAME)";
				SWIFT_EMIT_LOC_STRINGS = YES;
				SWIFT_VERSION = 5.0;
				TARGETED_DEVICE_FAMILY = "1,2";
			};
			name = Release;
		};
		A78598642D59D4F3008F9E89 /* Debug */ = {
			isa = XCBuildConfiguration;
			buildSettings = {
				ALWAYS_SEARCH_USER_PATHS = NO;
				ASSETCATALOG_COMPILER_GENERATE_SWIFT_ASSET_SYMBOL_EXTENSIONS = YES;
				CLANG_ANALYZER_NONNULL = YES;
				CLANG_ANALYZER_NUMBER_OBJECT_CONVERSION = YES_AGGRESSIVE;
				CLANG_CXX_LANGUAGE_STANDARD = "gnu++20";
				CLANG_ENABLE_MODULES = YES;
				CLANG_ENABLE_OBJC_ARC = YES;
				CLANG_ENABLE_OBJC_WEAK = YES;
				CLANG_WARN_BLOCK_CAPTURE_AUTORELEASING = YES;
				CLANG_WARN_BOOL_CONVERSION = YES;
				CLANG_WARN_COMMA = YES;
				CLANG_WARN_CONSTANT_CONVERSION = YES;
				CLANG_WARN_DEPRECATED_OBJC_IMPLEMENTATIONS = YES;
				CLANG_WARN_DIRECT_OBJC_ISA_USAGE = YES_ERROR;
				CLANG_WARN_DOCUMENTATION_COMMENTS = YES;
				CLANG_WARN_EMPTY_BODY = YES;
				CLANG_WARN_ENUM_CONVERSION = YES;
				CLANG_WARN_INFINITE_RECURSION = YES;
				CLANG_WARN_INT_CONVERSION = YES;
				CLANG_WARN_NON_LITERAL_NULL_CONVERSION = YES;
				CLANG_WARN_OBJC_IMPLICIT_RETAIN_SELF = YES;
				CLANG_WARN_OBJC_LITERAL_CONVERSION = YES;
				CLANG_WARN_OBJC_ROOT_CLASS = YES_ERROR;
				CLANG_WARN_QUOTED_INCLUDE_IN_FRAMEWORK_HEADER = YES;
				CLANG_WARN_RANGE_LOOP_ANALYSIS = YES;
				CLANG_WARN_STRICT_PROTOTYPES = YES;
				CLANG_WARN_SUSPICIOUS_MOVE = YES;
				CLANG_WARN_UNGUARDED_AVAILABILITY = YES_AGGRESSIVE;
				CLANG_WARN_UNREACHABLE_CODE = YES;
				CLANG_WARN__DUPLICATE_METHOD_MATCH = YES;
				COPY_PHASE_STRIP = NO;
				DEBUG_INFORMATION_FORMAT = dwarf;
				ENABLE_STRICT_OBJC_MSGSEND = YES;
				ENABLE_TESTABILITY = YES;
				ENABLE_USER_SCRIPT_SANDBOXING = YES;
				GCC_C_LANGUAGE_STANDARD = gnu17;
				GCC_DYNAMIC_NO_PIC = NO;
				GCC_NO_COMMON_BLOCKS = YES;
				GCC_OPTIMIZATION_LEVEL = 0;
				GCC_PREPROCESSOR_DEFINITIONS = (
					"DEBUG=1",
					"$(inherited)",
				);
				GCC_WARN_64_TO_32_BIT_CONVERSION = YES;
				GCC_WARN_ABOUT_RETURN_TYPE = YES_ERROR;
				GCC_WARN_UNDECLARED_SELECTOR = YES;
				GCC_WARN_UNINITIALIZED_AUTOS = YES_AGGRESSIVE;
				GCC_WARN_UNUSED_FUNCTION = YES;
				GCC_WARN_UNUSED_VARIABLE = YES;
				IPHONEOS_DEPLOYMENT_TARGET = 18.0;
				LOCALIZATION_PREFERS_STRING_CATALOGS = YES;
				MTL_ENABLE_DEBUG_INFO = INCLUDE_SOURCE;
				MTL_FAST_MATH = YES;
				ONLY_ACTIVE_ARCH = YES;
				SDKROOT = iphoneos;
				SWIFT_ACTIVE_COMPILATION_CONDITIONS = "DEBUG $(inherited)";
				SWIFT_OPTIMIZATION_LEVEL = "-Onone";
			};
			name = Debug;
		};
		A78598652D59D4F3008F9E89 /* Release */ = {
			isa = XCBuildConfiguration;
			buildSettings = {
				ALWAYS_SEARCH_USER_PATHS = NO;
				ASSETCATALOG_COMPILER_GENERATE_SWIFT_ASSET_SYMBOL_EXTENSIONS = YES;
				CLANG_ANALYZER_NONNULL = YES;
				CLANG_ANALYZER_NUMBER_OBJECT_CONVERSION = YES_AGGRESSIVE;
				CLANG_CXX_LANGUAGE_STANDARD = "gnu++20";
				CLANG_ENABLE_MODULES = YES;
				CLANG_ENABLE_OBJC_ARC = YES;
				CLANG_ENABLE_OBJC_WEAK = YES;
				CLANG_WARN_BLOCK_CAPTURE_AUTORELEASING = YES;
				CLANG_WARN_BOOL_CONVERSION = YES;
				CLANG_WARN_COMMA = YES;
				CLANG_WARN_CONSTANT_CONVERSION = YES;
				CLANG_WARN_DEPRECATED_OBJC_IMPLEMENTATIONS = YES;
				CLANG_WARN_DIRECT_OBJC_ISA_USAGE = YES_ERROR;
				CLANG_WARN_DOCUMENTATION_COMMENTS = YES;
				CLANG_WARN_EMPTY_BODY = YES;
				CLANG_WARN_ENUM_CONVERSION = YES;
				CLANG_WARN_INFINITE_RECURSION = YES;
				CLANG_WARN_INT_CONVERSION = YES;
				CLANG_WARN_NON_LITERAL_NULL_CONVERSION = YES;
				CLANG_WARN_OBJC_IMPLICIT_RETAIN_SELF = YES;
				CLANG_WARN_OBJC_LITERAL_CONVERSION = YES;
				CLANG_WARN_OBJC_ROOT_CLASS = YES_ERROR;
				CLANG_WARN_QUOTED_INCLUDE_IN_FRAMEWORK_HEADER = YES;
				CLANG_WARN_RANGE_LOOP_ANALYSIS = YES;
				CLANG_WARN_STRICT_PROTOTYPES = YES;
				CLANG_WARN_SUSPICIOUS_MOVE = YES;
				CLANG_WARN_UNGUARDED_AVAILABILITY = YES_AGGRESSIVE;
				CLANG_WARN_UNREACHABLE_CODE = YES;
				CLANG_WARN__DUPLICATE_METHOD_MATCH = YES;
				COPY_PHASE_STRIP = NO;
				DEBUG_INFORMATION_FORMAT = "dwarf-with-dsym";
				ENABLE_NS_ASSERTIONS = NO;
				ENABLE_STRICT_OBJC_MSGSEND = YES;
				ENABLE_USER_SCRIPT_SANDBOXING = YES;
				GCC_C_LANGUAGE_STANDARD = gnu17;
				GCC_NO_COMMON_BLOCKS = YES;
				GCC_WARN_64_TO_32_BIT_CONVERSION = YES;
				GCC_WARN_ABOUT_RETURN_TYPE = YES_ERROR;
				GCC_WARN_UNDECLARED_SELECTOR = YES;
				GCC_WARN_UNINITIALIZED_AUTOS = YES_AGGRESSIVE;
				GCC_WARN_UNUSED_FUNCTION = YES;
				GCC_WARN_UNUSED_VARIABLE = YES;
				IPHONEOS_DEPLOYMENT_TARGET = 18.0;
				LOCALIZATION_PREFERS_STRING_CATALOGS = YES;
				MTL_ENABLE_DEBUG_INFO = NO;
				MTL_FAST_MATH = YES;
				SDKROOT = iphoneos;
				SWIFT_COMPILATION_MODE = wholemodule;
				VALIDATE_PRODUCT = YES;
			};
			name = Release;
		};
/* End XCBuildConfiguration section */

/* Begin XCConfigurationList section */
		A78598492D59D4F2008F9E89 /* Build configuration list for PBXProject "JDAM" */ = {
			isa = XCConfigurationList;
			buildConfigurations = (
				A78598642D59D4F3008F9E89 /* Debug */,
				A78598652D59D4F3008F9E89 /* Release */,
			);
			defaultConfigurationIsVisible = 0;
			defaultConfigurationName = Release;
		};
		A78598612D59D4F3008F9E89 /* Build configuration list for PBXNativeTarget "JDAM" */ = {
			isa = XCConfigurationList;
			buildConfigurations = (
				A78598622D59D4F3008F9E89 /* Debug */,
				A78598632D59D4F3008F9E89 /* Release */,
			);
			defaultConfigurationIsVisible = 0;
			defaultConfigurationName = Release;
		};
/* End XCConfigurationList section */
	};
	rootObject = A78598462D59D4F2008F9E89 /* Project object */;
}
